// !$*UTF8*$!
{
	archiveVersion = 1;
	classes = {
	};
	objectVersion = 77;
	objects = {

/* Begin PBXContainerItemProxy section */
		3B050A722D22AE2D00DEA6E5 /* PBXContainerItemProxy */ = {
			isa = PBXContainerItemProxy;
			containerPortal = 3B050A592D22AE2B00DEA6E5 /* Project object */;
			proxyType = 1;
			remoteGlobalIDString = 3B050A602D22AE2B00DEA6E5;
			remoteInfo = "Memorize 2024";
		};
		3B050A7C2D22AE2D00DEA6E5 /* PBXContainerItemProxy */ = {
			isa = PBXContainerItemProxy;
			containerPortal = 3B050A592D22AE2B00DEA6E5 /* Project object */;
			proxyType = 1;
			remoteGlobalIDString = 3B050A602D22AE2B00DEA6E5;
			remoteInfo = "Memorize 2024";
		};
/* End PBXContainerItemProxy section */

/* Begin PBXFileReference section */
		3B050A612D22AE2B00DEA6E5 /* Memorize 2024.app */ = {isa = PBXFileReference; explicitFileType = wrapper.application; includeInIndex = 0; path = "Memorize 2024.app"; sourceTree = BUILT_PRODUCTS_DIR; };
		3B050A712D22AE2D00DEA6E5 /* Memorize 2024Tests.xctest */ = {isa = PBXFileReference; explicitFileType = wrapper.cfbundle; includeInIndex = 0; path = "Memorize 2024Tests.xctest"; sourceTree = BUILT_PRODUCTS_DIR; };
		3B050A7B2D22AE2D00DEA6E5 /* Memorize 2024UITests.xctest */ = {isa = PBXFileReference; explicitFileType = wrapper.cfbundle; includeInIndex = 0; path = "Memorize 2024UITests.xctest"; sourceTree = BUILT_PRODUCTS_DIR; };
/* End PBXFileReference section */

/* Begin PBXFileSystemSynchronizedRootGroup section */
		3B050A632D22AE2B00DEA6E5 /* Memorize 2024 */ = {
			isa = PBXFileSystemSynchronizedRootGroup;
			path = "Memorize 2024";
			sourceTree = "<group>";
		};
		3B050A742D22AE2D00DEA6E5 /* Memorize 2024Tests */ = {
			isa = PBXFileSystemSynchronizedRootGroup;
			path = "Memorize 2024Tests";
			sourceTree = "<group>";
		};
		3B050A7E2D22AE2D00DEA6E5 /* Memorize 2024UITests */ = {
			isa = PBXFileSystemSynchronizedRootGroup;
			path = "Memorize 2024UITests";
			sourceTree = "<group>";
		};
/* End PBXFileSystemSynchronizedRootGroup section */

/* Begin PBXFrameworksBuildPhase section */
		3B050A5E2D22AE2B00DEA6E5 /* Frameworks */ = {
			isa = PBXFrameworksBuildPhase;
			buildActionMask = 2147483647;
			files = (
			);
			runOnlyForDeploymentPostprocessing = 0;
		};
		3B050A6E2D22AE2D00DEA6E5 /* Frameworks */ = {
			isa = PBXFrameworksBuildPhase;
			buildActionMask = 2147483647;
			files = (
			);
			runOnlyForDeploymentPostprocessing = 0;
		};
		3B050A782D22AE2D00DEA6E5 /* Frameworks */ = {
			isa = PBXFrameworksBuildPhase;
			buildActionMask = 2147483647;
			files = (
			);
			runOnlyForDeploymentPostprocessing = 0;
		};
/* End PBXFrameworksBuildPhase section */

/* Begin PBXGroup section */
		3B050A582D22AE2B00DEA6E5 = {
			isa = PBXGroup;
			children = (
				3B050A632D22AE2B00DEA6E5 /* Memorize 2024 */,
				3B050A742D22AE2D00DEA6E5 /* Memorize 2024Tests */,
				3B050A7E2D22AE2D00DEA6E5 /* Memorize 2024UITests */,
				3B050A622D22AE2B00DEA6E5 /* Products */,
			);
			sourceTree = "<group>";
		};
		3B050A622D22AE2B00DEA6E5 /* Products */ = {
			isa = PBXGroup;
			children = (
				3B050A612D22AE2B00DEA6E5 /* Memorize 2024.app */,
				3B050A712D22AE2D00DEA6E5 /* Memorize 2024Tests.xctest */,
				3B050A7B2D22AE2D00DEA6E5 /* Memorize 2024UITests.xctest */,
			);
			name = Products;
			sourceTree = "<group>";
		};
/* End PBXGroup section */

/* Begin PBXNativeTarget section */
		3B050A602D22AE2B00DEA6E5 /* Memorize 2024 */ = {
			isa = PBXNativeTarget;
			buildConfigurationList = 3B050A852D22AE2D00DEA6E5 /* Build configuration list for PBXNativeTarget "Memorize 2024" */;
			buildPhases = (
				3B050A5D2D22AE2B00DEA6E5 /* Sources */,
				3B050A5E2D22AE2B00DEA6E5 /* Frameworks */,
				3B050A5F2D22AE2B00DEA6E5 /* Resources */,
			);
			buildRules = (
			);
			dependencies = (
			);
			fileSystemSynchronizedGroups = (
				3B050A632D22AE2B00DEA6E5 /* Memorize 2024 */,
			);
			name = "Memorize 2024";
			packageProductDependencies = (
			);
			productName = "Memorize 2024";
			productReference = 3B050A612D22AE2B00DEA6E5 /* Memorize 2024.app */;
			productType = "com.apple.product-type.application";
		};
		3B050A702D22AE2D00DEA6E5 /* Memorize 2024Tests */ = {
			isa = PBXNativeTarget;
			buildConfigurationList = 3B050A882D22AE2D00DEA6E5 /* Build configuration list for PBXNativeTarget "Memorize 2024Tests" */;
			buildPhases = (
				3B050A6D2D22AE2D00DEA6E5 /* Sources */,
				3B050A6E2D22AE2D00DEA6E5 /* Frameworks */,
				3B050A6F2D22AE2D00DEA6E5 /* Resources */,
			);
			buildRules = (
			);
			dependencies = (
				3B050A732D22AE2D00DEA6E5 /* PBXTargetDependency */,
			);
			fileSystemSynchronizedGroups = (
				3B050A742D22AE2D00DEA6E5 /* Memorize 2024Tests */,
			);
			name = "Memorize 2024Tests";
			packageProductDependencies = (
			);
			productName = "Memorize 2024Tests";
			productReference = 3B050A712D22AE2D00DEA6E5 /* Memorize 2024Tests.xctest */;
			productType = "com.apple.product-type.bundle.unit-test";
		};
		3B050A7A2D22AE2D00DEA6E5 /* Memorize 2024UITests */ = {
			isa = PBXNativeTarget;
			buildConfigurationList = 3B050A8B2D22AE2D00DEA6E5 /* Build configuration list for PBXNativeTarget "Memorize 2024UITests" */;
			buildPhases = (
				3B050A772D22AE2D00DEA6E5 /* Sources */,
				3B050A782D22AE2D00DEA6E5 /* Frameworks */,
				3B050A792D22AE2D00DEA6E5 /* Resources */,
			);
			buildRules = (
			);
			dependencies = (
				3B050A7D2D22AE2D00DEA6E5 /* PBXTargetDependency */,
			);
			fileSystemSynchronizedGroups = (
				3B050A7E2D22AE2D00DEA6E5 /* Memorize 2024UITests */,
			);
			name = "Memorize 2024UITests";
			packageProductDependencies = (
			);
			productName = "Memorize 2024UITests";
			productReference = 3B050A7B2D22AE2D00DEA6E5 /* Memorize 2024UITests.xctest */;
			productType = "com.apple.product-type.bundle.ui-testing";
		};
/* End PBXNativeTarget section */

/* Begin PBXProject section */
		3B050A592D22AE2B00DEA6E5 /* Project object */ = {
			isa = PBXProject;
			attributes = {
				BuildIndependentTargetsInParallel = 1;
				LastSwiftUpdateCheck = 1610;
				LastUpgradeCheck = 1610;
				TargetAttributes = {
					3B050A602D22AE2B00DEA6E5 = {
						CreatedOnToolsVersion = 16.1;
					};
					3B050A702D22AE2D00DEA6E5 = {
						CreatedOnToolsVersion = 16.1;
						TestTargetID = 3B050A602D22AE2B00DEA6E5;
					};
					3B050A7A2D22AE2D00DEA6E5 = {
						CreatedOnToolsVersion = 16.1;
						TestTargetID = 3B050A602D22AE2B00DEA6E5;
					};
				};
			};
			buildConfigurationList = 3B050A5C2D22AE2B00DEA6E5 /* Build configuration list for PBXProject "Memorize 2024" */;
			developmentRegion = en;
			hasScannedForEncodings = 0;
			knownRegions = (
				en,
				Base,
			);
			mainGroup = 3B050A582D22AE2B00DEA6E5;
			minimizedProjectReferenceProxies = 1;
			preferredProjectObjectVersion = 77;
			productRefGroup = 3B050A622D22AE2B00DEA6E5 /* Products */;
			projectDirPath = "";
			projectRoot = "";
			targets = (
				3B050A602D22AE2B00DEA6E5 /* Memorize 2024 */,
				3B050A702D22AE2D00DEA6E5 /* Memorize 2024Tests */,
				3B050A7A2D22AE2D00DEA6E5 /* Memorize 2024UITests */,
			);
		};
/* End PBXProject section */

/* Begin PBXResourcesBuildPhase section */
		3B050A5F2D22AE2B00DEA6E5 /* Resources */ = {
			isa = PBXResourcesBuildPhase;
			buildActionMask = 2147483647;
			files = (
			);
			runOnlyForDeploymentPostprocessing = 0;
		};
		3B050A6F2D22AE2D00DEA6E5 /* Resources */ = {
			isa = PBXResourcesBuildPhase;
			buildActionMask = 2147483647;
			files = (
			);
			runOnlyForDeploymentPostprocessing = 0;
		};
		3B050A792D22AE2D00DEA6E5 /* Resources */ = {
			isa = PBXResourcesBuildPhase;
			buildActionMask = 2147483647;
			files = (
			);
			runOnlyForDeploymentPostprocessing = 0;
		};
/* End PBXResourcesBuildPhase section */

/* Begin PBXSourcesBuildPhase section */
		3B050A5D2D22AE2B00DEA6E5 /* Sources */ = {
			isa = PBXSourcesBuildPhase;
			buildActionMask = 2147483647;
			files = (
			);
			runOnlyForDeploymentPostprocessing = 0;
		};
		3B050A6D2D22AE2D00DEA6E5 /* Sources */ = {
			isa = PBXSourcesBuildPhase;
			buildActionMask = 2147483647;
			files = (
			);
			runOnlyForDeploymentPostprocessing = 0;
		};
		3B050A772D22AE2D00DEA6E5 /* Sources */ = {
			isa = PBXSourcesBuildPhase;
			buildActionMask = 2147483647;
			files = (
			);
			runOnlyForDeploymentPostprocessing = 0;
		};
/* End PBXSourcesBuildPhase section */

/* Begin PBXTargetDependency section */
		3B050A732D22AE2D00DEA6E5 /* PBXTargetDependency */ = {
			isa = PBXTargetDependency;
			target = 3B050A602D22AE2B00DEA6E5 /* Memorize 2024 */;
			targetProxy = 3B050A722D22AE2D00DEA6E5 /* PBXContainerItemProxy */;
		};
		3B050A7D2D22AE2D00DEA6E5 /* PBXTargetDependency */ = {
			isa = PBXTargetDependency;
			target = 3B050A602D22AE2B00DEA6E5 /* Memorize 2024 */;
			targetProxy = 3B050A7C2D22AE2D00DEA6E5 /* PBXContainerItemProxy */;
		};
/* End PBXTargetDependency section */

/* Begin XCBuildConfiguration section */
		3B050A832D22AE2D00DEA6E5 /* Debug */ = {
			isa = XCBuildConfiguration;
			buildSettings = {
				ALWAYS_SEARCH_USER_PATHS = NO;
				ASSETCATALOG_COMPILER_GENERATE_SWIFT_ASSET_SYMBOL_EXTENSIONS = YES;
				CLANG_ANALYZER_NONNULL = YES;
				CLANG_ANALYZER_NUMBER_OBJECT_CONVERSION = YES_AGGRESSIVE;
				CLANG_CXX_LANGUAGE_STANDARD = "gnu++20";
				CLANG_ENABLE_MODULES = YES;
				CLANG_ENABLE_OBJC_ARC = YES;
				CLANG_ENABLE_OBJC_WEAK = YES;
				CLANG_WARN_BLOCK_CAPTURE_AUTORELEASING = YES;
				CLANG_WARN_BOOL_CONVERSION = YES;
				CLANG_WARN_COMMA = YES;
				CLANG_WARN_CONSTANT_CONVERSION = YES;
				CLANG_WARN_DEPRECATED_OBJC_IMPLEMENTATIONS = YES;
				CLANG_WARN_DIRECT_OBJC_ISA_USAGE = YES_ERROR;
				CLANG_WARN_DOCUMENTATION_COMMENTS = YES;
				CLANG_WARN_EMPTY_BODY = YES;
				CLANG_WARN_ENUM_CONVERSION = YES;
				CLANG_WARN_INFINITE_RECURSION = YES;
				CLANG_WARN_INT_CONVERSION = YES;
				CLANG_WARN_NON_LITERAL_NULL_CONVERSION = YES;
				CLANG_WARN_OBJC_IMPLICIT_RETAIN_SELF = YES;
				CLANG_WARN_OBJC_LITERAL_CONVERSION = YES;
				CLANG_WARN_OBJC_ROOT_CLASS = YES_ERROR;
				CLANG_WARN_QUOTED_INCLUDE_IN_FRAMEWORK_HEADER = YES;
				CLANG_WARN_RANGE_LOOP_ANALYSIS = YES;
				CLANG_WARN_STRICT_PROTOTYPES = YES;
				CLANG_WARN_SUSPICIOUS_MOVE = YES;
				CLANG_WARN_UNGUARDED_AVAILABILITY = YES_AGGRESSIVE;
				CLANG_WARN_UNREACHABLE_CODE = YES;
				CLANG_WARN__DUPLICATE_METHOD_MATCH = YES;
				COPY_PHASE_STRIP = NO;
				DEBUG_INFORMATION_FORMAT = dwarf;
				ENABLE_STRICT_OBJC_MSGSEND = YES;
				ENABLE_TESTABILITY = YES;
				ENABLE_USER_SCRIPT_SANDBOXING = YES;
				GCC_C_LANGUAGE_STANDARD = gnu17;
				GCC_DYNAMIC_NO_PIC = NO;
				GCC_NO_COMMON_BLOCKS = YES;
				GCC_OPTIMIZATION_LEVEL = 0;
				GCC_PREPROCESSOR_DEFINITIONS = (
					"DEBUG=1",
					"$(inherited)",
				);
				GCC_WARN_64_TO_32_BIT_CONVERSION = YES;
				GCC_WARN_ABOUT_RETURN_TYPE = YES_ERROR;
				GCC_WARN_UNDECLARED_SELECTOR = YES;
				GCC_WARN_UNINITIALIZED_AUTOS = YES_AGGRESSIVE;
				GCC_WARN_UNUSED_FUNCTION = YES;
				GCC_WARN_UNUSED_VARIABLE = YES;
				IPHONEOS_DEPLOYMENT_TARGET = 18.1;
				LOCALIZATION_PREFERS_STRING_CATALOGS = YES;
				MTL_ENABLE_DEBUG_INFO = INCLUDE_SOURCE;
				MTL_FAST_MATH = YES;
				ONLY_ACTIVE_ARCH = YES;
				SDKROOT = iphoneos;
				SWIFT_ACTIVE_COMPILATION_CONDITIONS = "DEBUG $(inherited)";
				SWIFT_OPTIMIZATION_LEVEL = "-Onone";
			};
			name = Debug;
		};
		3B050A842D22AE2D00DEA6E5 /* Release */ = {
			isa = XCBuildConfiguration;
			buildSettings = {
				ALWAYS_SEARCH_USER_PATHS = NO;
				ASSETCATALOG_COMPILER_GENERATE_SWIFT_ASSET_SYMBOL_EXTENSIONS = YES;
				CLANG_ANALYZER_NONNULL = YES;
				CLANG_ANALYZER_NUMBER_OBJECT_CONVERSION = YES_AGGRESSIVE;
				CLANG_CXX_LANGUAGE_STANDARD = "gnu++20";
				CLANG_ENABLE_MODULES = YES;
				CLANG_ENABLE_OBJC_ARC = YES;
				CLANG_ENABLE_OBJC_WEAK = YES;
				CLANG_WARN_BLOCK_CAPTURE_AUTORELEASING = YES;
				CLANG_WARN_BOOL_CONVERSION = YES;
				CLANG_WARN_COMMA = YES;
				CLANG_WARN_CONSTANT_CONVERSION = YES;
				CLANG_WARN_DEPRECATED_OBJC_IMPLEMENTATIONS = YES;
				CLANG_WARN_DIRECT_OBJC_ISA_USAGE = YES_ERROR;
				CLANG_WARN_DOCUMENTATION_COMMENTS = YES;
				CLANG_WARN_EMPTY_BODY = YES;
				CLANG_WARN_ENUM_CONVERSION = YES;
				CLANG_WARN_INFINITE_RECURSION = YES;
				CLANG_WARN_INT_CONVERSION = YES;
				CLANG_WARN_NON_LITERAL_NULL_CONVERSION = YES;
				CLANG_WARN_OBJC_IMPLICIT_RETAIN_SELF = YES;
				CLANG_WARN_OBJC_LITERAL_CONVERSION = YES;
				CLANG_WARN_OBJC_ROOT_CLASS = YES_ERROR;
				CLANG_WARN_QUOTED_INCLUDE_IN_FRAMEWORK_HEADER = YES;
				CLANG_WARN_RANGE_LOOP_ANALYSIS = YES;
				CLANG_WARN_STRICT_PROTOTYPES = YES;
				CLANG_WARN_SUSPICIOUS_MOVE = YES;
				CLANG_WARN_UNGUARDED_AVAILABILITY = YES_AGGRESSIVE;
				CLANG_WARN_UNREACHABLE_CODE = YES;
				CLANG_WARN__DUPLICATE_METHOD_MATCH = YES;
				COPY_PHASE_STRIP = NO;
				DEBUG_INFORMATION_FORMAT = "dwarf-with-dsym";
				ENABLE_NS_ASSERTIONS = NO;
				ENABLE_STRICT_OBJC_MSGSEND = YES;
				ENABLE_USER_SCRIPT_SANDBOXING = YES;
				GCC_C_LANGUAGE_STANDARD = gnu17;
				GCC_NO_COMMON_BLOCKS = YES;
				GCC_WARN_64_TO_32_BIT_CONVERSION = YES;
				GCC_WARN_ABOUT_RETURN_TYPE = YES_ERROR;
				GCC_WARN_UNDECLARED_SELECTOR = YES;
				GCC_WARN_UNINITIALIZED_AUTOS = YES_AGGRESSIVE;
				GCC_WARN_UNUSED_FUNCTION = YES;
				GCC_WARN_UNUSED_VARIABLE = YES;
				IPHONEOS_DEPLOYMENT_TARGET = 18.1;
				LOCALIZATION_PREFERS_STRING_CATALOGS = YES;
				MTL_ENABLE_DEBUG_INFO = NO;
				MTL_FAST_MATH = YES;
				SDKROOT = iphoneos;
				SWIFT_COMPILATION_MODE = wholemodule;
				VALIDATE_PRODUCT = YES;
			};
			name = Release;
		};
		3B050A862D22AE2D00DEA6E5 /* Debug */ = {
			isa = XCBuildConfiguration;
			buildSettings = {
				ASSETCATALOG_COMPILER_APPICON_NAME = AppIcon;
				ASSETCATALOG_COMPILER_GLOBAL_ACCENT_COLOR_NAME = AccentColor;
				CODE_SIGN_STYLE = Automatic;
				CURRENT_PROJECT_VERSION = 1;
				DEVELOPMENT_ASSET_PATHS = "\"Memorize 2024/Preview Content\"";
				ENABLE_PREVIEWS = YES;
				GENERATE_INFOPLIST_FILE = YES;
				INFOPLIST_KEY_UIApplicationSceneManifest_Generation = YES;
				INFOPLIST_KEY_UIApplicationSupportsIndirectInputEvents = YES;
				INFOPLIST_KEY_UILaunchScreen_Generation = YES;
				INFOPLIST_KEY_UISupportedInterfaceOrientations_iPad = "UIInterfaceOrientationPortrait UIInterfaceOrientationPortraitUpsideDown UIInterfaceOrientationLandscapeLeft UIInterfaceOrientationLandscapeRight";
				INFOPLIST_KEY_UISupportedInterfaceOrientations_iPhone = "UIInterfaceOrientationPortrait UIInterfaceOrientationLandscapeLeft UIInterfaceOrientationLandscapeRight";
				LD_RUNPATH_SEARCH_PATHS = (
					"$(inherited)",
					"@executable_path/Frameworks",
				);
				MARKETING_VERSION = 1.0;
				PRODUCT_BUNDLE_IDENTIFIER = "sanya.botva.Memorize-2024";
				PRODUCT_NAME = "$(TARGET_NAME)";
				SWIFT_EMIT_LOC_STRINGS = YES;
				SWIFT_VERSION = 5.0;
				TARGETED_DEVICE_FAMILY = "1,2";
			};
			name = Debug;
		};
		3B050A872D22AE2D00DEA6E5 /* Release */ = {
			isa = XCBuildConfiguration;
			buildSettings = {
				ASSETCATALOG_COMPILER_APPICON_NAME = AppIcon;
				ASSETCATALOG_COMPILER_GLOBAL_ACCENT_COLOR_NAME = AccentColor;
				CODE_SIGN_STYLE = Automatic;
				CURRENT_PROJECT_VERSION = 1;
				DEVELOPMENT_ASSET_PATHS = "\"Memorize 2024/Preview Content\"";
				ENABLE_PREVIEWS = YES;
				GENERATE_INFOPLIST_FILE = YES;
				INFOPLIST_KEY_UIApplicationSceneManifest_Generation = YES;
				INFOPLIST_KEY_UIApplicationSupportsIndirectInputEvents = YES;
				INFOPLIST_KEY_UILaunchScreen_Generation = YES;
				INFOPLIST_KEY_UISupportedInterfaceOrientations_iPad = "UIInterfaceOrientationPortrait UIInterfaceOrientationPortraitUpsideDown UIInterfaceOrientationLandscapeLeft UIInterfaceOrientationLandscapeRight";
				INFOPLIST_KEY_UISupportedInterfaceOrientations_iPhone = "UIInterfaceOrientationPortrait UIInterfaceOrientationLandscapeLeft UIInterfaceOrientationLandscapeRight";
				LD_RUNPATH_SEARCH_PATHS = (
					"$(inherited)",
					"@executable_path/Frameworks",
				);
				MARKETING_VERSION = 1.0;
				PRODUCT_BUNDLE_IDENTIFIER = "sanya.botva.Memorize-2024";
				PRODUCT_NAME = "$(TARGET_NAME)";
				SWIFT_EMIT_LOC_STRINGS = YES;
				SWIFT_VERSION = 5.0;
				TARGETED_DEVICE_FAMILY = "1,2";
			};
			name = Release;
		};
		3B050A892D22AE2D00DEA6E5 /* Debug */ = {
			isa = XCBuildConfiguration;
			buildSettings = {
				BUNDLE_LOADER = "$(TEST_HOST)";
				CODE_SIGN_STYLE = Automatic;
				CURRENT_PROJECT_VERSION = 1;
				GENERATE_INFOPLIST_FILE = YES;
				IPHONEOS_DEPLOYMENT_TARGET = 18.1;
				MARKETING_VERSION = 1.0;
				PRODUCT_BUNDLE_IDENTIFIER = "sanya.botva.Memorize-2024Tests";
				PRODUCT_NAME = "$(TARGET_NAME)";
				SWIFT_EMIT_LOC_STRINGS = NO;
				SWIFT_VERSION = 5.0;
				TARGETED_DEVICE_FAMILY = "1,2";
				TEST_HOST = "$(BUILT_PRODUCTS_DIR)/Memorize 2024.app/$(BUNDLE_EXECUTABLE_FOLDER_PATH)/Memorize 2024";
			};
			name = Debug;
		};
		3B050A8A2D22AE2D00DEA6E5 /* Release */ = {
			isa = XCBuildConfiguration;
			buildSettings = {
				BUNDLE_LOADER = "$(TEST_HOST)";
				CODE_SIGN_STYLE = Automatic;
				CURRENT_PROJECT_VERSION = 1;
				GENERATE_INFOPLIST_FILE = YES;
				IPHONEOS_DEPLOYMENT_TARGET = 18.1;
				MARKETING_VERSION = 1.0;
				PRODUCT_BUNDLE_IDENTIFIER = "sanya.botva.Memorize-2024Tests";
				PRODUCT_NAME = "$(TARGET_NAME)";
				SWIFT_EMIT_LOC_STRINGS = NO;
				SWIFT_VERSION = 5.0;
				TARGETED_DEVICE_FAMILY = "1,2";
				TEST_HOST = "$(BUILT_PRODUCTS_DIR)/Memorize 2024.app/$(BUNDLE_EXECUTABLE_FOLDER_PATH)/Memorize 2024";
			};
			name = Release;
		};
		3B050A8C2D22AE2D00DEA6E5 /* Debug */ = {
			isa = XCBuildConfiguration;
			buildSettings = {
				CODE_SIGN_STYLE = Automatic;
				CURRENT_PROJECT_VERSION = 1;
				GENERATE_INFOPLIST_FILE = YES;
				MARKETING_VERSION = 1.0;
				PRODUCT_BUNDLE_IDENTIFIER = "sanya.botva.Memorize-2024UITests";
				PRODUCT_NAME = "$(TARGET_NAME)";
				SWIFT_EMIT_LOC_STRINGS = NO;
				SWIFT_VERSION = 5.0;
				TARGETED_DEVICE_FAMILY = "1,2";
				TEST_TARGET_NAME = "Memorize 2024";
			};
			name = Debug;
		};
		3B050A8D2D22AE2D00DEA6E5 /* Release */ = {
			isa = XCBuildConfiguration;
			buildSettings = {
				CODE_SIGN_STYLE = Automatic;
				CURRENT_PROJECT_VERSION = 1;
				GENERATE_INFOPLIST_FILE = YES;
				MARKETING_VERSION = 1.0;
				PRODUCT_BUNDLE_IDENTIFIER = "sanya.botva.Memorize-2024UITests";
				PRODUCT_NAME = "$(TARGET_NAME)";
				SWIFT_EMIT_LOC_STRINGS = NO;
				SWIFT_VERSION = 5.0;
				TARGETED_DEVICE_FAMILY = "1,2";
				TEST_TARGET_NAME = "Memorize 2024";
			};
			name = Release;
		};
/* End XCBuildConfiguration section */

/* Begin XCConfigurationList section */
		3B050A5C2D22AE2B00DEA6E5 /* Build configuration list for PBXProject "Memorize 2024" */ = {
			isa = XCConfigurationList;
			buildConfigurations = (
				3B050A832D22AE2D00DEA6E5 /* Debug */,
				3B050A842D22AE2D00DEA6E5 /* Release */,
			);
			defaultConfigurationIsVisible = 0;
			defaultConfigurationName = Release;
		};
		3B050A852D22AE2D00DEA6E5 /* Build configuration list for PBXNativeTarget "Memorize 2024" */ = {
			isa = XCConfigurationList;
			buildConfigurations = (
				3B050A862D22AE2D00DEA6E5 /* Debug */,
				3B050A872D22AE2D00DEA6E5 /* Release */,
			);
			defaultConfigurationIsVisible = 0;
			defaultConfigurationName = Release;
		};
		3B050A882D22AE2D00DEA6E5 /* Build configuration list for PBXNativeTarget "Memorize 2024Tests" */ = {
			isa = XCConfigurationList;
			buildConfigurations = (
				3B050A892D22AE2D00DEA6E5 /* Debug */,
				3B050A8A2D22AE2D00DEA6E5 /* Release */,
			);
			defaultConfigurationIsVisible = 0;
			defaultConfigurationName = Release;
		};
		3B050A8B2D22AE2D00DEA6E5 /* Build configuration list for PBXNativeTarget "Memorize 2024UITests" */ = {
			isa = XCConfigurationList;
			buildConfigurations = (
				3B050A8C2D22AE2D00DEA6E5 /* Debug */,
				3B050A8D2D22AE2D00DEA6E5 /* Release */,
			);
			defaultConfigurationIsVisible = 0;
			defaultConfigurationName = Release;
		};
/* End XCConfigurationList section */
	};
	rootObject = 3B050A592D22AE2B00DEA6E5 /* Project object */;
}
